
Microsoft Visual Studio Solution File, Format Version 12.00
# Visual Studio Version 17
VisualStudioVersion = 17.14.35906.104 d17.14
MinimumVisualStudioVersion = 10.0.40219.1
Project("{8BC9CEB8-8B4A-11D0-8D11-00A0C91BC942}") = "test.c", "test.c\test.c.vcxproj", "{B821746F-903A-40A8-9967-518AE7445D00}"
EndProject
Global
	GlobalSection(SolutionConfigurationPlatforms) = preSolution
		Debug|x64 = Debug|x64
		Debug|x86 = Debug|x86
		Release|x64 = Release|x64
		Release|x86 = Release|x86
	EndGlobalSection
	GlobalSection(ProjectConfigurationPlatforms) = postSolution
		{B821746F-903A-40A8-9967-518AE7445D00}.Debug|x64.ActiveCfg = Debug|x64
		{B821746F-903A-40A8-9967-518AE7445D00}.Debug|x64.Build.0 = Debug|x64
		{B821746F-903A-40A8-9967-518AE7445D00}.Debug|x86.ActiveCfg = Debug|Win32
		{B821746F-903A-40A8-9967-518AE7445D00}.Debug|x86.Build.0 = Debug|Win32
		{B821746F-903A-40A8-9967-518AE7445D00}.Release|x64.ActiveCfg = Release|x64
		{B821746F-903A-40A8-9967-518AE7445D00}.Release|x64.Build.0 = Release|x64
		{B821746F-903A-40A8-9967-518AE7445D00}.Release|x86.ActiveCfg = Release|Win32
		{B821746F-903A-40A8-9967-518AE7445D00}.Release|x86.Build.0 = Release|Win32
	EndGlobalSection
	GlobalSection(SolutionProperties) = preSolution
		HideSolutionNode = FALSE
	EndGlobalSection
	GlobalSection(ExtensibilityGlobals) = postSolution
		SolutionGuid = {E9743B56-659F-4FCC-B9C2-2AFF2A7550C6}
	EndGlobalSection
EndGlobal
